
Microsoft Visual Studio Solution File, Format Version 12.00
# Visual Studio Version 17
VisualStudioVersion = 17.4.33213.308
MinimumVisualStudioVersion = 10.0.40219.1
Project("{FAE04EC0-301F-11D3-BF4B-00C04F79EFBC}") = "WinAppHashTable", "WinAppHashTable\WinAppHashTable.csproj", "{7C2A2881-8DCD-40EF-AF05-D1C13E68268E}"
EndProject
Global
	GlobalSection(SolutionConfigurationPlatforms) = preSolution
		Debug|Any CPU = Debug|Any CPU
		Release|Any CPU = Release|Any CPU
	EndGlobalSection
	GlobalSection(ProjectConfigurationPlatforms) = postSolution
		{7C2A2881-8DCD-40EF-AF05-D1C13E68268E}.Debug|Any CPU.ActiveCfg = Debug|Any CPU
		{7C2A2881-8DCD-40EF-AF05-D1C13E68268E}.Debug|Any CPU.Build.0 = Debug|Any CPU
		{7C2A2881-8DCD-40EF-AF05-D1C13E68268E}.Release|Any CPU.ActiveCfg = Release|Any CPU
		{7C2A2881-8DCD-40EF-AF05-D1C13E68268E}.Release|Any CPU.Build.0 = Release|Any CPU
	EndGlobalSection
	GlobalSection(SolutionProperties) = preSolution
		HideSolutionNode = FALSE
	EndGlobalSection
	GlobalSection(ExtensibilityGlobals) = postSolution
		SolutionGuid = {9C791382-A0DE-4B96-A364-7B68D961DF5F}
	EndGlobalSection
EndGlobal
